Microsoft Visual Studio Solution File, Format Version 12.00
# Visual Studio Version 16
VisualStudioVersion = 16.0.31005.135
MinimumVisualStudioVersion = 15.0.26124.0
Project("{9A19103F-16F7-4668-BE54-9A1E7A4F7556}") = "Karamem0.Teamtile", "Karamem0.Teamtile.csproj", "{A51489D9-5703-4616-9DBA-43F155A40DED}"
EndProject
Global
	GlobalSection(SolutionConfigurationPlatforms) = preSolution
		Debug|Any CPU = Debug|Any CPU
		Release|Any CPU = Release|Any CPU
	EndGlobalSection
	GlobalSection(ProjectConfigurationPlatforms) = postSolution
		{A51489D9-5703-4616-9DBA-43F155A40DED}.Debug|Any CPU.ActiveCfg = Debug|Any CPU
		{A51489D9-5703-4616-9DBA-43F155A40DED}.Debug|Any CPU.Build.0 = Debug|Any CPU
		{A51489D9-5703-4616-9DBA-43F155A40DED}.Release|Any CPU.ActiveCfg = Release|Any CPU
		{A51489D9-5703-4616-9DBA-43F155A40DED}.Release|Any CPU.Build.0 = Release|Any CPU
	EndGlobalSection
	GlobalSection(SolutionProperties) = preSolution
		HideSolutionNode = FALSE
	EndGlobalSection
	GlobalSection(ExtensibilityGlobals) = postSolution
		    SolutionGuid = {31A04284-C7AB-4072-8D08-7DB240B17A71}
		        SolutionGuid = {0DDEEC3A-EEB4-4DF4-8254-E66F04ED36E8}
		SolutionGuid = {7CC463DF-DAFD-4EB3-983D-4475CE7DC9B1}
	EndGlobalSection
EndGlobal
